
Microsoft Visual Studio Solution File, Format Version 12.00
# Visual Studio 15
VisualStudioVersion = 15.0.26430.16
MinimumVisualStudioVersion = 10.0.40219.1
Project("{FAE04EC0-301F-11D3-BF4B-00C04F79EFBC}") = "Test_CSharp", "Test_CSharp.csproj", "{B45F8357-E6F9-46A5-AC7E-3A65BD620093}"
EndProject
Global
	GlobalSection(SolutionConfigurationPlatforms) = preSolution
		Debug|Any CPU = Debug|Any CPU
		Debug1|Any CPU = Debug1|Any CPU
		Release|Any CPU = Release|Any CPU
	EndGlobalSection
	GlobalSection(ProjectConfigurationPlatforms) = postSolution
		{B45F8357-E6F9-46A5-AC7E-3A65BD620093}.Debug|Any CPU.ActiveCfg = Debug|Any CPU
		{B45F8357-E6F9-46A5-AC7E-3A65BD620093}.Debug|Any CPU.Build.0 = Debug|Any CPU
		{B45F8357-E6F9-46A5-AC7E-3A65BD620093}.Debug|Any CPU.Deploy.0 = Debug|Any CPU
		{B45F8357-E6F9-46A5-AC7E-3A65BD620093}.Debug1|Any CPU.ActiveCfg = Debug1|Any CPU
		{B45F8357-E6F9-46A5-AC7E-3A65BD620093}.Debug1|Any CPU.Build.0 = Debug1|Any CPU
		{B45F8357-E6F9-46A5-AC7E-3A65BD620093}.Release|Any CPU.ActiveCfg = Release|Any CPU
		{B45F8357-E6F9-46A5-AC7E-3A65BD620093}.Release|Any CPU.Build.0 = Release|Any CPU
	EndGlobalSection
	GlobalSection(SolutionProperties) = preSolution
		HideSolutionNode = FALSE
	EndGlobalSection
EndGlobal
